Microsoft Visual Studio Solution File, Format Version 12.00
# Visual Studio Version 17
VisualStudioVersion = 17.13.35825.156
MinimumVisualStudioVersion = 10.0.40219.1
Project("{FAE04EC0-301F-11D3-BF4B-00C04F79EFBC}") = "lab 8", "lab 8\lab 8.csproj", "{39F48D2C-9B5B-4981-9D44-2D1E387CE00A}"
EndProject
Global
	GlobalSection(SolutionConfigurationPlatforms) = preSolution
		Debug|Any CPU = Debug|Any CPU
		Release|Any CPU = Release|Any CPU
	EndGlobalSection
	GlobalSection(ProjectConfigurationPlatforms) = postSolution
		{39F48D2C-9B5B-4981-9D44-2D1E387CE00A}.Debug|Any CPU.ActiveCfg = Debug|Any CPU
		{39F48D2C-9B5B-4981-9D44-2D1E387CE00A}.Debug|Any CPU.Build.0 = Debug|Any CPU
		{39F48D2C-9B5B-4981-9D44-2D1E387CE00A}.Release|Any CPU.ActiveCfg = Release|Any CPU
		{39F48D2C-9B5B-4981-9D44-2D1E387CE00A}.Release|Any CPU.Build.0 = Release|Any CPU
	EndGlobalSection
	GlobalSection(SolutionProperties) = preSolution
		HideSolutionNode = FALSE
	EndGlobalSection
	GlobalSection(ExtensibilityGlobals) = postSolution
		SolutionGuid = {885DE433-6D28-476D-91ED-EA8E9A7B45C2}
	EndGlobalSection
EndGlobal
